
Microsoft Visual Studio Solution File, Format Version 12.00
# Visual Studio Version 16
VisualStudioVersion = 16.0.30611.23
MinimumVisualStudioVersion = 10.0.40219.1
Project("{FAE04EC0-301F-11D3-BF4B-00C04F79EFBC}") = "ScheduleWPF", "ScheduleWPF.csproj", "{59537ECD-388B-47FB-A5E5-523989257765}"
EndProject
Global
	GlobalSection(SolutionConfigurationPlatforms) = preSolution
		Debug|Any CPU = Debug|Any CPU
		Release|Any CPU = Release|Any CPU
	EndGlobalSection
	GlobalSection(ProjectConfigurationPlatforms) = postSolution
		{59537ECD-388B-47FB-A5E5-523989257765}.Debug|Any CPU.ActiveCfg = Debug|Any CPU
		{59537ECD-388B-47FB-A5E5-523989257765}.Debug|Any CPU.Build.0 = Debug|Any CPU
		{59537ECD-388B-47FB-A5E5-523989257765}.Release|Any CPU.ActiveCfg = Release|Any CPU
		{59537ECD-388B-47FB-A5E5-523989257765}.Release|Any CPU.Build.0 = Release|Any CPU
	EndGlobalSection
	GlobalSection(SolutionProperties) = preSolution
		HideSolutionNode = FALSE
	EndGlobalSection
	GlobalSection(ExtensibilityGlobals) = postSolution
		SolutionGuid = {C381E542-5ABA-4C0D-B349-0535632B7F7F}
	EndGlobalSection
EndGlobal
